
Microsoft Visual Studio Solution File, Format Version 12.00
# Visual Studio Version 17
VisualStudioVersion = 17.0.31808.319
MinimumVisualStudioVersion = 10.0.40219.1
Project("{9A19103F-16F7-4668-BE54-9A1E7A4F7556}") = "Playground", "Playground\Playground.csproj", "{AB6AA392-B769-4D45-ADD8-A2E0CE205F76}"
EndProject
Project("{9A19103F-16F7-4668-BE54-9A1E7A4F7556}") = "XmlPlayground", "XmlPlayground\XmlPlayground.csproj", "{476C9C92-C9E6-44A2-8032-51B42FFCDB0A}"
EndProject
Project("{9A19103F-16F7-4668-BE54-9A1E7A4F7556}") = "Asynchronous", "Asynchronous\Asynchronous.csproj", "{35F30096-614E-4A31-A749-DCF639A141DD}"
EndProject
Project("{9A19103F-16F7-4668-BE54-9A1E7A4F7556}") = "GrafischeApplicaties", "GrafischeApplicaties\GrafischeApplicaties.csproj", "{D3576DBB-08B0-45C2-A16E-5342CCAEAEBA}"
EndProject
Project("{9A19103F-16F7-4668-BE54-9A1E7A4F7556}") = "EventCode", "EventCode\EventCode.csproj", "{9FA2CBE0-1F94-424A-ADD3-73336C50A17D}"
EndProject
Project("{9A19103F-16F7-4668-BE54-9A1E7A4F7556}") = "LinqPlayground", "LinqPlayground\LinqPlayground.csproj", "{EDC9C9D2-1435-4AAE-ADD5-76B2E7C2DF36}"
EndProject
Project("{9A19103F-16F7-4668-BE54-9A1E7A4F7556}") = "DatabasePlayground", "DatabasePlayground\DatabasePlayground.csproj", "{D3550653-9FAA-4299-B7B4-0BC3130AD9C3}"
EndProject
Project("{9A19103F-16F7-4668-BE54-9A1E7A4F7556}") = "LambdaPlayground", "LambdaPlayground\LambdaPlayground.csproj", "{CC2EC4EB-2C04-498C-AB8C-CCB11A5A4747}"
EndProject
Project("{9A19103F-16F7-4668-BE54-9A1E7A4F7556}") = "GenericsPlayground", "GenericsPlayground\GenericsPlayground.csproj", "{CEC9CB2F-B947-4075-929C-B31DF25E2D64}"
EndProject
Project("{9A19103F-16F7-4668-BE54-9A1E7A4F7556}") = "TuplesPlayground", "TuplesPlayground\TuplesPlayground.csproj", "{C86061BC-2CFE-4559-BC7A-BB4E86E1C288}"
EndProject
Project("{9A19103F-16F7-4668-BE54-9A1E7A4F7556}") = "PlaygroundGUI", "PlaygroundGUI\PlaygroundGUI.csproj", "{C4A263AD-38A8-4E54-9936-F085FB3B60E1}"
EndProject
Global
	GlobalSection(SolutionConfigurationPlatforms) = preSolution
		Debug|Any CPU = Debug|Any CPU
		Release|Any CPU = Release|Any CPU
	EndGlobalSection
	GlobalSection(ProjectConfigurationPlatforms) = postSolution
		{AB6AA392-B769-4D45-ADD8-A2E0CE205F76}.Debug|Any CPU.ActiveCfg = Debug|Any CPU
		{AB6AA392-B769-4D45-ADD8-A2E0CE205F76}.Debug|Any CPU.Build.0 = Debug|Any CPU
		{AB6AA392-B769-4D45-ADD8-A2E0CE205F76}.Release|Any CPU.ActiveCfg = Release|Any CPU
		{AB6AA392-B769-4D45-ADD8-A2E0CE205F76}.Release|Any CPU.Build.0 = Release|Any CPU
		{476C9C92-C9E6-44A2-8032-51B42FFCDB0A}.Debug|Any CPU.ActiveCfg = Debug|Any CPU
		{476C9C92-C9E6-44A2-8032-51B42FFCDB0A}.Debug|Any CPU.Build.0 = Debug|Any CPU
		{476C9C92-C9E6-44A2-8032-51B42FFCDB0A}.Release|Any CPU.ActiveCfg = Release|Any CPU
		{476C9C92-C9E6-44A2-8032-51B42FFCDB0A}.Release|Any CPU.Build.0 = Release|Any CPU
		{35F30096-614E-4A31-A749-DCF639A141DD}.Debug|Any CPU.ActiveCfg = Debug|Any CPU
		{35F30096-614E-4A31-A749-DCF639A141DD}.Debug|Any CPU.Build.0 = Debug|Any CPU
		{35F30096-614E-4A31-A749-DCF639A141DD}.Release|Any CPU.ActiveCfg = Release|Any CPU
		{35F30096-614E-4A31-A749-DCF639A141DD}.Release|Any CPU.Build.0 = Release|Any CPU
		{D3576DBB-08B0-45C2-A16E-5342CCAEAEBA}.Debug|Any CPU.ActiveCfg = Debug|Any CPU
		{D3576DBB-08B0-45C2-A16E-5342CCAEAEBA}.Debug|Any CPU.Build.0 = Debug|Any CPU
		{D3576DBB-08B0-45C2-A16E-5342CCAEAEBA}.Release|Any CPU.ActiveCfg = Release|Any CPU
		{D3576DBB-08B0-45C2-A16E-5342CCAEAEBA}.Release|Any CPU.Build.0 = Release|Any CPU
		{9FA2CBE0-1F94-424A-ADD3-73336C50A17D}.Debug|Any CPU.ActiveCfg = Debug|Any CPU
		{9FA2CBE0-1F94-424A-ADD3-73336C50A17D}.Debug|Any CPU.Build.0 = Debug|Any CPU
		{9FA2CBE0-1F94-424A-ADD3-73336C50A17D}.Release|Any CPU.ActiveCfg = Release|Any CPU
		{9FA2CBE0-1F94-424A-ADD3-73336C50A17D}.Release|Any CPU.Build.0 = Release|Any CPU
		{EDC9C9D2-1435-4AAE-ADD5-76B2E7C2DF36}.Debug|Any CPU.ActiveCfg = Debug|Any CPU
		{EDC9C9D2-1435-4AAE-ADD5-76B2E7C2DF36}.Debug|Any CPU.Build.0 = Debug|Any CPU
		{EDC9C9D2-1435-4AAE-ADD5-76B2E7C2DF36}.Release|Any CPU.ActiveCfg = Release|Any CPU
		{EDC9C9D2-1435-4AAE-ADD5-76B2E7C2DF36}.Release|Any CPU.Build.0 = Release|Any CPU
		{D3550653-9FAA-4299-B7B4-0BC3130AD9C3}.Debug|Any CPU.ActiveCfg = Debug|Any CPU
		{D3550653-9FAA-4299-B7B4-0BC3130AD9C3}.Debug|Any CPU.Build.0 = Debug|Any CPU
		{D3550653-9FAA-4299-B7B4-0BC3130AD9C3}.Release|Any CPU.ActiveCfg = Release|Any CPU
		{D3550653-9FAA-4299-B7B4-0BC3130AD9C3}.Release|Any CPU.Build.0 = Release|Any CPU
		{CC2EC4EB-2C04-498C-AB8C-CCB11A5A4747}.Debug|Any CPU.ActiveCfg = Debug|Any CPU
		{CC2EC4EB-2C04-498C-AB8C-CCB11A5A4747}.Debug|Any CPU.Build.0 = Debug|Any CPU
		{CC2EC4EB-2C04-498C-AB8C-CCB11A5A4747}.Release|Any CPU.ActiveCfg = Release|Any CPU
		{CC2EC4EB-2C04-498C-AB8C-CCB11A5A4747}.Release|Any CPU.Build.0 = Release|Any CPU
		{CEC9CB2F-B947-4075-929C-B31DF25E2D64}.Debug|Any CPU.ActiveCfg = Debug|Any CPU
		{CEC9CB2F-B947-4075-929C-B31DF25E2D64}.Debug|Any CPU.Build.0 = Debug|Any CPU
		{CEC9CB2F-B947-4075-929C-B31DF25E2D64}.Release|Any CPU.ActiveCfg = Release|Any CPU
		{CEC9CB2F-B947-4075-929C-B31DF25E2D64}.Release|Any CPU.Build.0 = Release|Any CPU
		{C86061BC-2CFE-4559-BC7A-BB4E86E1C288}.Debug|Any CPU.ActiveCfg = Debug|Any CPU
		{C86061BC-2CFE-4559-BC7A-BB4E86E1C288}.Debug|Any CPU.Build.0 = Debug|Any CPU
		{C86061BC-2CFE-4559-BC7A-BB4E86E1C288}.Release|Any CPU.ActiveCfg = Release|Any CPU
		{C86061BC-2CFE-4559-BC7A-BB4E86E1C288}.Release|Any CPU.Build.0 = Release|Any CPU
		{C4A263AD-38A8-4E54-9936-F085FB3B60E1}.Debug|Any CPU.ActiveCfg = Debug|Any CPU
		{C4A263AD-38A8-4E54-9936-F085FB3B60E1}.Debug|Any CPU.Build.0 = Debug|Any CPU
		{C4A263AD-38A8-4E54-9936-F085FB3B60E1}.Release|Any CPU.ActiveCfg = Release|Any CPU
		{C4A263AD-38A8-4E54-9936-F085FB3B60E1}.Release|Any CPU.Build.0 = Release|Any CPU
	EndGlobalSection
	GlobalSection(SolutionProperties) = preSolution
		HideSolutionNode = FALSE
	EndGlobalSection
	GlobalSection(ExtensibilityGlobals) = postSolution
		SolutionGuid = {DB6CE429-9376-46DC-8326-0AA8EC72699B}
	EndGlobalSection
EndGlobal
